
Microsoft Visual Studio Solution File, Format Version 12.00
# Visual Studio Version 17
VisualStudioVersion = 17.9.34728.123
MinimumVisualStudioVersion = 10.0.40219.1
Project("{FAE04EC0-301F-11D3-BF4B-00C04F79EFBC}") = "ATM project", "ATM project\ATM project.csproj", "{48FA0489-4906-4510-859B-401BC8047367}"
EndProject
Global
	GlobalSection(SolutionConfigurationPlatforms) = preSolution
		Debug|Any CPU = Debug|Any CPU
		Release|Any CPU = Release|Any CPU
	EndGlobalSection
	GlobalSection(ProjectConfigurationPlatforms) = postSolution
		{48FA0489-4906-4510-859B-401BC8047367}.Debug|Any CPU.ActiveCfg = Debug|Any CPU
		{48FA0489-4906-4510-859B-401BC8047367}.Debug|Any CPU.Build.0 = Debug|Any CPU
		{48FA0489-4906-4510-859B-401BC8047367}.Release|Any CPU.ActiveCfg = Release|Any CPU
		{48FA0489-4906-4510-859B-401BC8047367}.Release|Any CPU.Build.0 = Release|Any CPU
	EndGlobalSection
	GlobalSection(SolutionProperties) = preSolution
		HideSolutionNode = FALSE
	EndGlobalSection
	GlobalSection(ExtensibilityGlobals) = postSolution
		SolutionGuid = {FA227317-D5A2-43E3-95C3-2413D35E70DC}
	EndGlobalSection
EndGlobal
